<?xml version="1.0" encoding="utf-8"?>
<Project ToolsVersion="4.0" xmlns="http://schemas.microsoft.com/developer/msbuild/2003">
  <ItemGroup>
    <Filter Include="리소스 파일">
      <UniqueIdentifier>{58f6c209-0326-4f09-84df-7452537cd9bb}</UniqueIdentifier>
    </Filter>
    <Filter Include="소스 파일">
      <UniqueIdentifier>{3ecfb452-b1e8-41ff-9b59-2e54e0a461e4}</UniqueIdentifier>
    </Filter>
    <Filter Include="헤더 파일">
      <UniqueIdentifier>{57160164-6d44-49f1-84f5-317930f3b9f5}</UniqueIdentifier>
    </Filter>
    <Filter Include="ySLAM">
      <UniqueIdentifier>{7cf2ae81-3683-4ac4-9aef-635c5b869eef}</UniqueIdentifier>
    </Filter>
    <Filter Include="ySLAM\include">
      <UniqueIdentifier>{659725f0-d2f7-415a-b21b-080ff3157158}</UniqueIdentifier>
    </Filter>
    <Filter Include="ySLAM\datastruct">
      <UniqueIdentifier>{b07145a9-1a2f-4264-82ae-3ddbcb107970}</UniqueIdentifier>
    </Filter>
    <Filter Include="ySLAM\Parameters">
      <UniqueIdentifier>{8d59b1be-b372-44f6-ade5-63c90e6758c3}</UniqueIdentifier>
    </Filter>
    <Filter Include="ySLAM\Tracker">
      <UniqueIdentifier>{c360c243-d20b-4cff-8a59-4391f58e1cd8}</UniqueIdentifier>
    </Filter>
    <Filter Include="ySLAM\Extractor">
      <UniqueIdentifier>{301be0e2-d23a-47ca-b972-cfcdd9fdb143}</UniqueIdentifier>
    </Filter>
    <Filter Include="ySLAM\Utils">
      <UniqueIdentifier>{23ca0d1b-a001-4cec-ac14-434a8436abf4}</UniqueIdentifier>
    </Filter>
    <Filter Include="ySLAM\Initializer">
      <UniqueIdentifier>{a3c9d089-2ad8-413f-8b41-2bb2f7e6f545}</UniqueIdentifier>
    </Filter>
    <Filter Include="ySLAM\Graph">
      <UniqueIdentifier>{1eeaa11e-de90-4a41-bd9e-528aaaba4173}</UniqueIdentifier>
    </Filter>
    <Filter Include="ySLAM\Camera">
      <UniqueIdentifier>{c675bc31-42eb-470c-89a9-7cfe8e832549}</UniqueIdentifier>
    </Filter>
    <Filter Include="ySLAM\Optimizer">
      <UniqueIdentifier>{dbbe969d-4734-497c-834d-c0145b8317bf}</UniqueIdentifier>
    </Filter>
  </ItemGroup>
  <ItemGroup>
    <ClInclude Include="..\..\..\..\YSlam\include\YSlam.h">
      <Filter>ySLAM\include</Filter>
    </ClInclude>
    <ClInclude Include="..\..\..\..\YSlam\datastruct\Image.hpp">
      <Filter>ySLAM\datastruct</Filter>
    </ClInclude>
    <ClInclude Include="..\..\..\..\YSlam\datastruct\ImagePyramid.hpp">
      <Filter>ySLAM\datastruct</Filter>
    </ClInclude>
    <ClInclude Include="..\..\..\..\YSlam\datastruct\Types.h">
      <Filter>ySLAM\datastruct</Filter>
    </ClInclude>
    <ClInclude Include="..\..\..\..\YSlam\Parameters\Parameters.h">
      <Filter>ySLAM\Parameters</Filter>
    </ClInclude>
    <ClInclude Include="..\..\..\..\YSlam\Tracker\Tracker.h">
      <Filter>ySLAM\Tracker</Filter>
    </ClInclude>
    <ClInclude Include="..\..\..\..\YSlam\Tracker\DSTracker.h">
      <Filter>ySLAM\Tracker</Filter>
    </ClInclude>
    <ClInclude Include="..\..\..\..\YSlam\Extractor\Extractor.h">
      <Filter>ySLAM\Extractor</Filter>
    </ClInclude>
    <ClInclude Include="..\..\..\..\YSlam\Extractor\GridPixelExtractor.h">
      <Filter>ySLAM\Extractor</Filter>
    </ClInclude>
    <ClInclude Include="..\..\..\..\YSlam\Utils\Patch.hpp">
      <Filter>ySLAM\Utils</Filter>
    </ClInclude>
    <ClInclude Include="..\..\..\..\YSlam\Utils\Timer.h">
      <Filter>ySLAM\Utils</Filter>
    </ClInclude>
    <ClInclude Include="..\..\..\..\YSlam\Utils\Logger.h">
      <Filter>ySLAM\Utils</Filter>
    </ClInclude>
    <ClInclude Include="..\..\..\..\YSlam\Initializer\Initializer.h">
      <Filter>ySLAM\Initializer</Filter>
    </ClInclude>
    <ClInclude Include="..\..\..\..\YSlam\Initializer\DSInitializer.h">
      <Filter>ySLAM\Initializer</Filter>
    </ClInclude>
    <ClInclude Include="..\..\..\..\YSlam\Graph\Graph.h">
      <Filter>ySLAM\Graph</Filter>
    </ClInclude>
    <ClInclude Include="..\..\..\..\YSlam\datastruct\Feature.h">
      <Filter>ySLAM\datastruct</Filter>
    </ClInclude>
    <ClInclude Include="..\..\..\..\YSlam\Camera\Camera.h">
      <Filter>ySLAM\Camera</Filter>
    </ClInclude>
    <ClInclude Include="..\..\..\..\YSlam\Optimizer\Optimizer.h">
      <Filter>ySLAM\Optimizer</Filter>
    </ClInclude>
    <ClInclude Include="..\..\..\..\YSlam\Graph\Frame.h">
      <Filter>ySLAM\Graph</Filter>
    </ClInclude>
    <ClInclude Include="..\..\..\..\YSlam\Graph\MapPoint.h">
      <Filter>ySLAM\Graph</Filter>
    </ClInclude>
    <ClInclude Include="..\..\..\..\YSlam\datastruct\Pose.h">
      <Filter>ySLAM\datastruct</Filter>
    </ClInclude>
  </ItemGroup>
  <ItemGroup>
    <ClCompile Include="..\..\..\..\YSlam\include\YSlam.cpp">
      <Filter>ySLAM\include</Filter>
    </ClCompile>
    <ClCompile Include="..\..\..\..\YSlam\Parameters\Parameters.cpp">
      <Filter>ySLAM\Parameters</Filter>
    </ClCompile>
    <ClCompile Include="..\..\..\..\YSlam\Tracker\Tracker.cpp">
      <Filter>ySLAM\Tracker</Filter>
    </ClCompile>
    <ClCompile Include="..\..\..\..\YSlam\Tracker\DSTracker.cpp">
      <Filter>ySLAM\Tracker</Filter>
    </ClCompile>
    <ClCompile Include="..\..\..\..\YSlam\Extractor\Extractor.cpp">
      <Filter>ySLAM\Extractor</Filter>
    </ClCompile>
    <ClCompile Include="..\..\..\..\YSlam\Extractor\GridPixelExtractor.cpp">
      <Filter>ySLAM\Extractor</Filter>
    </ClCompile>
    <ClCompile Include="..\..\..\..\YSlam\Utils\Patch.cpp">
      <Filter>ySLAM\Utils</Filter>
    </ClCompile>
    <ClCompile Include="..\..\..\..\YSlam\Utils\Timer.cpp">
      <Filter>ySLAM\Utils</Filter>
    </ClCompile>
    <ClCompile Include="..\..\..\..\YSlam\Utils\Logger.cpp">
      <Filter>ySLAM\Utils</Filter>
    </ClCompile>
    <ClCompile Include="..\..\..\..\YSlam\datastruct\Feature.cpp">
      <Filter>ySLAM\datastruct</Filter>
    </ClCompile>
    <ClCompile Include="..\..\..\..\YSlam\Initializer\Initializer.cpp">
      <Filter>ySLAM\Initializer</Filter>
    </ClCompile>
    <ClCompile Include="..\..\..\..\YSlam\Initializer\DSInitializer.cpp">
      <Filter>ySLAM\Initializer</Filter>
    </ClCompile>
    <ClCompile Include="..\..\..\..\YSlam\Graph\Graph.cpp">
      <Filter>ySLAM\Graph</Filter>
    </ClCompile>
    <ClCompile Include="..\..\..\..\YSlam\Camera\Camera.cpp">
      <Filter>ySLAM\Camera</Filter>
    </ClCompile>
    <ClCompile Include="..\..\..\..\YSlam\Optimizer\Optimizer.cpp">
      <Filter>ySLAM\Optimizer</Filter>
    </ClCompile>
    <ClCompile Include="..\..\..\..\YSlam\Graph\MapPoint.cpp">
      <Filter>ySLAM\Graph</Filter>
    </ClCompile>
    <ClCompile Include="..\..\..\..\YSlam\Graph\Frame.cpp">
      <Filter>ySLAM\Graph</Filter>
    </ClCompile>
  </ItemGroup>
</Project>